// !$*UTF8*$!
{
	archiveVersion = 1;
	classes = {
	};
	objectVersion = 56;
	objects = {

/* Begin PBXBuildFile section */
		C41A486D2BCB6DAF008D3445 /* ExtensionHelpers.swift in Sources */ = {isa = PBXBuildFile; fileRef = C41A486C2BCB6DAF008D3445 /* ExtensionHelpers.swift */; };
		C4412D462BCF5F0900CD8549 /* AlamofireAdapterTests.swift in Sources */ = {isa = PBXBuildFile; fileRef = C4412D452BCF5F0900CD8549 /* AlamofireAdapterTests.swift */; };
		C4412D4E2BCF602200CD8549 /* Data.framework in Frameworks */ = {isa = PBXBuildFile; fileRef = C4AE19ED2BC8D2A90096F6F7 /* Data.framework */; };
		C4412D4F2BCF602200CD8549 /* Data.framework in Embed Frameworks */ = {isa = PBXBuildFile; fileRef = C4AE19ED2BC8D2A90096F6F7 /* Data.framework */; settings = {ATTRIBUTES = (CodeSignOnCopy, RemoveHeadersOnCopy, ); }; };
		C4412D542BCF605D00CD8549 /* TestExtensions.swift in Sources */ = {isa = PBXBuildFile; fileRef = C4B5ABD72BCDB79F0078D037 /* TestExtensions.swift */; };
		C4412D552BCF606900CD8549 /* TestFactories.swift in Sources */ = {isa = PBXBuildFile; fileRef = C4B5ABD92BCDBC810078D037 /* TestFactories.swift */; };
		C4AE19E52BC8CFA20096F6F7 /* AddAccount.swift in Sources */ = {isa = PBXBuildFile; fileRef = C4AE19E42BC8CFA20096F6F7 /* AddAccount.swift */; };
		C4AE19E72BC8D17C0096F6F7 /* AccountModel.swift in Sources */ = {isa = PBXBuildFile; fileRef = C4AE19E62BC8D17C0096F6F7 /* AccountModel.swift */; };
		C4AE19F52BC8D2A90096F6F7 /* Data.framework in Frameworks */ = {isa = PBXBuildFile; fileRef = C4AE19ED2BC8D2A90096F6F7 /* Data.framework */; };
		C4AE19FA2BC8D2A90096F6F7 /* RemoteAddAccountTests.swift in Sources */ = {isa = PBXBuildFile; fileRef = C4AE19F92BC8D2A90096F6F7 /* RemoteAddAccountTests.swift */; };
		C4AE1A032BC8D3080096F6F7 /* Domain.framework in Frameworks */ = {isa = PBXBuildFile; fileRef = C4AE19DD2BC8CF190096F6F7 /* Domain.framework */; };
		C4AE1A042BC8D3080096F6F7 /* Domain.framework in Embed Frameworks */ = {isa = PBXBuildFile; fileRef = C4AE19DD2BC8CF190096F6F7 /* Domain.framework */; settings = {ATTRIBUTES = (CodeSignOnCopy, RemoveHeadersOnCopy, ); }; };
		C4B3915E2BD2EADA0030472C /* AlamofireAdapter.swift in Sources */ = {isa = PBXBuildFile; fileRef = C4B3915D2BD2EADA0030472C /* AlamofireAdapter.swift */; };
		C4B3915F2BD2EC130030472C /* infra.framework in Frameworks */ = {isa = PBXBuildFile; fileRef = C4412D392BCF5F0900CD8549 /* infra.framework */; };
		C4B391682BD2ED880030472C /* UrlProtocolStub.swift in Sources */ = {isa = PBXBuildFile; fileRef = C4B391672BD2ED880030472C /* UrlProtocolStub.swift */; };
		C4B5ABD82BCDB79F0078D037 /* TestExtensions.swift in Sources */ = {isa = PBXBuildFile; fileRef = C4B5ABD72BCDB79F0078D037 /* TestExtensions.swift */; };
		C4B5ABDA2BCDBC810078D037 /* TestFactories.swift in Sources */ = {isa = PBXBuildFile; fileRef = C4B5ABD92BCDBC810078D037 /* TestFactories.swift */; };
		C4B5ABDD2BCDBD260078D037 /* HttpClientSpy.swift in Sources */ = {isa = PBXBuildFile; fileRef = C4B5ABDC2BCDBD260078D037 /* HttpClientSpy.swift */; };
		C4B5ABDF2BCDBD7D0078D037 /* AccountModelFactory.swift in Sources */ = {isa = PBXBuildFile; fileRef = C4B5ABDE2BCDBD7D0078D037 /* AccountModelFactory.swift */; };
		C4D5368D2BD14B48001DAF11 /* ExtensionHelpers.swift in Sources */ = {isa = PBXBuildFile; fileRef = C41A486C2BCB6DAF008D3445 /* ExtensionHelpers.swift */; };
		C4D935122BD03AC200142776 /* AccountModelFactory.swift in Sources */ = {isa = PBXBuildFile; fileRef = C4B5ABDE2BCDBD7D0078D037 /* AccountModelFactory.swift */; };
		C4D935152BD03E5000142776 /* Alamofire in Frameworks */ = {isa = PBXBuildFile; productRef = C4D935142BD03E5000142776 /* Alamofire */; };
		C4E111792BC9E50100D877C8 /* Model.swift in Sources */ = {isa = PBXBuildFile; fileRef = C4E111782BC9E50100D877C8 /* Model.swift */; };
		C4E1117B2BC9E62900D877C8 /* RemoteAddAccount.swift in Sources */ = {isa = PBXBuildFile; fileRef = C4E1117A2BC9E62900D877C8 /* RemoteAddAccount.swift */; };
		C4E1117D2BC9E69700D877C8 /* HttpPostClient.swift in Sources */ = {isa = PBXBuildFile; fileRef = C4E1117C2BC9E69700D877C8 /* HttpPostClient.swift */; };
		C4E111862BCA197800D877C8 /* DomainError.swift in Sources */ = {isa = PBXBuildFile; fileRef = C4E111852BCA197800D877C8 /* DomainError.swift */; };
		C4E111882BCA1F0900D877C8 /* HttpError.swift in Sources */ = {isa = PBXBuildFile; fileRef = C4E111872BCA1F0900D877C8 /* HttpError.swift */; };
		C4E5AD132BD6E59A00FF1D66 /* AddAccountIntegrationTests.swift in Sources */ = {isa = PBXBuildFile; fileRef = C4E5AD122BD6E59A00FF1D66 /* AddAccountIntegrationTests.swift */; };
		C4E5AD142BD6E59A00FF1D66 /* Data.framework in Frameworks */ = {isa = PBXBuildFile; fileRef = C4AE19ED2BC8D2A90096F6F7 /* Data.framework */; };
		C4E5AD1A2BD6E5C600FF1D66 /* Domain.framework in Frameworks */ = {isa = PBXBuildFile; fileRef = C4AE19DD2BC8CF190096F6F7 /* Domain.framework */; };
		C4E5AD1B2BD6E5C600FF1D66 /* Domain.framework in Embed Frameworks */ = {isa = PBXBuildFile; fileRef = C4AE19DD2BC8CF190096F6F7 /* Domain.framework */; settings = {ATTRIBUTES = (CodeSignOnCopy, RemoveHeadersOnCopy, ); }; };
		C4E5AD1E2BD6E5C600FF1D66 /* infra.framework in Frameworks */ = {isa = PBXBuildFile; fileRef = C4412D392BCF5F0900CD8549 /* infra.framework */; };
		C4E5AD1F2BD6E5C600FF1D66 /* infra.framework in Embed Frameworks */ = {isa = PBXBuildFile; fileRef = C4412D392BCF5F0900CD8549 /* infra.framework */; settings = {ATTRIBUTES = (CodeSignOnCopy, RemoveHeadersOnCopy, ); }; };
/* End PBXBuildFile section */

/* Begin PBXContainerItemProxy section */
		C4412D422BCF5F0900CD8549 /* PBXContainerItemProxy */ = {
			isa = PBXContainerItemProxy;
			containerPortal = C4AE19C52BC8CEF20096F6F7 /* Project object */;
			proxyType = 1;
			remoteGlobalIDString = C4412D382BCF5F0900CD8549;
			remoteInfo = infra;
		};
		C4412D502BCF602200CD8549 /* PBXContainerItemProxy */ = {
			isa = PBXContainerItemProxy;
			containerPortal = C4AE19C52BC8CEF20096F6F7 /* Project object */;
			proxyType = 1;
			remoteGlobalIDString = C4AE19EC2BC8D2A90096F6F7;
			remoteInfo = Data;
		};
		C4AE19F62BC8D2A90096F6F7 /* PBXContainerItemProxy */ = {
			isa = PBXContainerItemProxy;
			containerPortal = C4AE19C52BC8CEF20096F6F7 /* Project object */;
			proxyType = 1;
			remoteGlobalIDString = C4AE19EC2BC8D2A90096F6F7;
			remoteInfo = Data;
		};
		C4AE1A052BC8D3080096F6F7 /* PBXContainerItemProxy */ = {
			isa = PBXContainerItemProxy;
			containerPortal = C4AE19C52BC8CEF20096F6F7 /* Project object */;
			proxyType = 1;
			remoteGlobalIDString = C4AE19DC2BC8CF190096F6F7;
			remoteInfo = Domain;
		};
		C4E5AD152BD6E59A00FF1D66 /* PBXContainerItemProxy */ = {
			isa = PBXContainerItemProxy;
			containerPortal = C4AE19C52BC8CEF20096F6F7 /* Project object */;
			proxyType = 1;
			remoteGlobalIDString = C4AE19EC2BC8D2A90096F6F7;
			remoteInfo = Data;
		};
		C4E5AD1C2BD6E5C600FF1D66 /* PBXContainerItemProxy */ = {
			isa = PBXContainerItemProxy;
			containerPortal = C4AE19C52BC8CEF20096F6F7 /* Project object */;
			proxyType = 1;
			remoteGlobalIDString = C4AE19DC2BC8CF190096F6F7;
			remoteInfo = Domain;
		};
		C4E5AD202BD6E5C600FF1D66 /* PBXContainerItemProxy */ = {
			isa = PBXContainerItemProxy;
			containerPortal = C4AE19C52BC8CEF20096F6F7 /* Project object */;
			proxyType = 1;
			remoteGlobalIDString = C4412D382BCF5F0900CD8549;
			remoteInfo = infra;
		};
/* End PBXContainerItemProxy section */

/* Begin PBXCopyFilesBuildPhase section */
		C4412D522BCF602200CD8549 /* Embed Frameworks */ = {
			isa = PBXCopyFilesBuildPhase;
			buildActionMask = 2147483647;
			dstPath = "";
			dstSubfolderSpec = 10;
			files = (
				C4412D4F2BCF602200CD8549 /* Data.framework in Embed Frameworks */,
			);
			name = "Embed Frameworks";
			runOnlyForDeploymentPostprocessing = 0;
		};
		C4AE1A072BC8D3080096F6F7 /* Embed Frameworks */ = {
			isa = PBXCopyFilesBuildPhase;
			buildActionMask = 2147483647;
			dstPath = "";
			dstSubfolderSpec = 10;
			files = (
				C4AE1A042BC8D3080096F6F7 /* Domain.framework in Embed Frameworks */,
			);
			name = "Embed Frameworks";
			runOnlyForDeploymentPostprocessing = 0;
		};
		C4E5AD222BD6E5C600FF1D66 /* Embed Frameworks */ = {
			isa = PBXCopyFilesBuildPhase;
			buildActionMask = 2147483647;
			dstPath = "";
			dstSubfolderSpec = 10;
			files = (
				C4E5AD1B2BD6E5C600FF1D66 /* Domain.framework in Embed Frameworks */,
				C4E5AD1F2BD6E5C600FF1D66 /* infra.framework in Embed Frameworks */,
			);
			name = "Embed Frameworks";
			runOnlyForDeploymentPostprocessing = 0;
		};
/* End PBXCopyFilesBuildPhase section */

/* Begin PBXFileReference section */
		C41A486C2BCB6DAF008D3445 /* ExtensionHelpers.swift */ = {isa = PBXFileReference; lastKnownFileType = sourcecode.swift; path = ExtensionHelpers.swift; sourceTree = "<group>"; };
		C4412D392BCF5F0900CD8549 /* infra.framework */ = {isa = PBXFileReference; explicitFileType = wrapper.framework; includeInIndex = 0; path = infra.framework; sourceTree = BUILT_PRODUCTS_DIR; };
		C4412D402BCF5F0900CD8549 /* infraTests.xctest */ = {isa = PBXFileReference; explicitFileType = wrapper.cfbundle; includeInIndex = 0; path = infraTests.xctest; sourceTree = BUILT_PRODUCTS_DIR; };
		C4412D452BCF5F0900CD8549 /* AlamofireAdapterTests.swift */ = {isa = PBXFileReference; lastKnownFileType = sourcecode.swift; path = AlamofireAdapterTests.swift; sourceTree = "<group>"; };
		C4AE19DD2BC8CF190096F6F7 /* Domain.framework */ = {isa = PBXFileReference; explicitFileType = wrapper.framework; includeInIndex = 0; path = Domain.framework; sourceTree = BUILT_PRODUCTS_DIR; };
		C4AE19E42BC8CFA20096F6F7 /* AddAccount.swift */ = {isa = PBXFileReference; lastKnownFileType = sourcecode.swift; path = AddAccount.swift; sourceTree = "<group>"; };
		C4AE19E62BC8D17C0096F6F7 /* AccountModel.swift */ = {isa = PBXFileReference; lastKnownFileType = sourcecode.swift; path = AccountModel.swift; sourceTree = "<group>"; };
		C4AE19ED2BC8D2A90096F6F7 /* Data.framework */ = {isa = PBXFileReference; explicitFileType = wrapper.framework; includeInIndex = 0; path = Data.framework; sourceTree = BUILT_PRODUCTS_DIR; };
		C4AE19F42BC8D2A90096F6F7 /* DataTests.xctest */ = {isa = PBXFileReference; explicitFileType = wrapper.cfbundle; includeInIndex = 0; path = DataTests.xctest; sourceTree = BUILT_PRODUCTS_DIR; };
		C4AE19F92BC8D2A90096F6F7 /* RemoteAddAccountTests.swift */ = {isa = PBXFileReference; lastKnownFileType = sourcecode.swift; path = RemoteAddAccountTests.swift; sourceTree = "<group>"; };
		C4B3915D2BD2EADA0030472C /* AlamofireAdapter.swift */ = {isa = PBXFileReference; lastKnownFileType = sourcecode.swift; path = AlamofireAdapter.swift; sourceTree = "<group>"; };
		C4B391672BD2ED880030472C /* UrlProtocolStub.swift */ = {isa = PBXFileReference; lastKnownFileType = sourcecode.swift; path = UrlProtocolStub.swift; sourceTree = "<group>"; };
		C4B5ABD72BCDB79F0078D037 /* TestExtensions.swift */ = {isa = PBXFileReference; lastKnownFileType = sourcecode.swift; path = TestExtensions.swift; sourceTree = "<group>"; };
		C4B5ABD92BCDBC810078D037 /* TestFactories.swift */ = {isa = PBXFileReference; lastKnownFileType = sourcecode.swift; path = TestFactories.swift; sourceTree = "<group>"; };
		C4B5ABDC2BCDBD260078D037 /* HttpClientSpy.swift */ = {isa = PBXFileReference; lastKnownFileType = sourcecode.swift; path = HttpClientSpy.swift; sourceTree = "<group>"; };
		C4B5ABDE2BCDBD7D0078D037 /* AccountModelFactory.swift */ = {isa = PBXFileReference; lastKnownFileType = sourcecode.swift; path = AccountModelFactory.swift; sourceTree = "<group>"; };
		C4E111782BC9E50100D877C8 /* Model.swift */ = {isa = PBXFileReference; lastKnownFileType = sourcecode.swift; path = Model.swift; sourceTree = "<group>"; };
		C4E1117A2BC9E62900D877C8 /* RemoteAddAccount.swift */ = {isa = PBXFileReference; lastKnownFileType = sourcecode.swift; path = RemoteAddAccount.swift; sourceTree = "<group>"; };
		C4E1117C2BC9E69700D877C8 /* HttpPostClient.swift */ = {isa = PBXFileReference; lastKnownFileType = sourcecode.swift; path = HttpPostClient.swift; sourceTree = "<group>"; };
		C4E111852BCA197800D877C8 /* DomainError.swift */ = {isa = PBXFileReference; lastKnownFileType = sourcecode.swift; path = DomainError.swift; sourceTree = "<group>"; };
		C4E111872BCA1F0900D877C8 /* HttpError.swift */ = {isa = PBXFileReference; lastKnownFileType = sourcecode.swift; path = HttpError.swift; sourceTree = "<group>"; };
		C4E5AD0B2BD6E15F00FF1D66 /* CI.xctestplan */ = {isa = PBXFileReference; lastKnownFileType = text; path = CI.xctestplan; sourceTree = "<group>"; };
		C4E5AD102BD6E59A00FF1D66 /* UseCasesIntegrationTests.xctest */ = {isa = PBXFileReference; explicitFileType = wrapper.cfbundle; includeInIndex = 0; path = UseCasesIntegrationTests.xctest; sourceTree = BUILT_PRODUCTS_DIR; };
		C4E5AD122BD6E59A00FF1D66 /* AddAccountIntegrationTests.swift */ = {isa = PBXFileReference; lastKnownFileType = sourcecode.swift; path = AddAccountIntegrationTests.swift; sourceTree = "<group>"; };
/* End PBXFileReference section */

/* Begin PBXFrameworksBuildPhase section */
		C4412D362BCF5F0900CD8549 /* Frameworks */ = {
			isa = PBXFrameworksBuildPhase;
			buildActionMask = 2147483647;
			files = (
				C4412D4E2BCF602200CD8549 /* Data.framework in Frameworks */,
				C4D935152BD03E5000142776 /* Alamofire in Frameworks */,
			);
			runOnlyForDeploymentPostprocessing = 0;
		};
		C4412D3D2BCF5F0900CD8549 /* Frameworks */ = {
			isa = PBXFrameworksBuildPhase;
			buildActionMask = 2147483647;
			files = (
				C4B3915F2BD2EC130030472C /* infra.framework in Frameworks */,
			);
			runOnlyForDeploymentPostprocessing = 0;
		};
		C4AE19DA2BC8CF190096F6F7 /* Frameworks */ = {
			isa = PBXFrameworksBuildPhase;
			buildActionMask = 2147483647;
			files = (
			);
			runOnlyForDeploymentPostprocessing = 0;
		};
		C4AE19EA2BC8D2A90096F6F7 /* Frameworks */ = {
			isa = PBXFrameworksBuildPhase;
			buildActionMask = 2147483647;
			files = (
				C4AE1A032BC8D3080096F6F7 /* Domain.framework in Frameworks */,
			);
			runOnlyForDeploymentPostprocessing = 0;
		};
		C4AE19F12BC8D2A90096F6F7 /* Frameworks */ = {
			isa = PBXFrameworksBuildPhase;
			buildActionMask = 2147483647;
			files = (
				C4AE19F52BC8D2A90096F6F7 /* Data.framework in Frameworks */,
			);
			runOnlyForDeploymentPostprocessing = 0;
		};
		C4E5AD0D2BD6E59A00FF1D66 /* Frameworks */ = {
			isa = PBXFrameworksBuildPhase;
			buildActionMask = 2147483647;
			files = (
				C4E5AD1A2BD6E5C600FF1D66 /* Domain.framework in Frameworks */,
				C4E5AD142BD6E59A00FF1D66 /* Data.framework in Frameworks */,
				C4E5AD1E2BD6E5C600FF1D66 /* infra.framework in Frameworks */,
			);
			runOnlyForDeploymentPostprocessing = 0;
		};
/* End PBXFrameworksBuildPhase section */

/* Begin PBXGroup section */
		C41A486B2BCB6D91008D3445 /* Helpers */ = {
			isa = PBXGroup;
			children = (
				C41A486C2BCB6DAF008D3445 /* ExtensionHelpers.swift */,
			);
			path = Helpers;
			sourceTree = "<group>";
		};
		C4412D3A2BCF5F0900CD8549 /* infra */ = {
			isa = PBXGroup;
			children = (
				C4B391652BD2ED510030472C /* Http */,
			);
			path = infra;
			sourceTree = "<group>";
		};
		C4412D442BCF5F0900CD8549 /* infraTests */ = {
			isa = PBXGroup;
			children = (
				C4B391662BD2ED750030472C /* Http */,
				C4412D452BCF5F0900CD8549 /* AlamofireAdapterTests.swift */,
			);
			path = infraTests;
			sourceTree = "<group>";
		};
		C4AE19C42BC8CEF20096F6F7 = {
			isa = PBXGroup;
			children = (
				C4E5AD0B2BD6E15F00FF1D66 /* CI.xctestplan */,
				C4AE19DE2BC8CF190096F6F7 /* Domain */,
				C4AE19EE2BC8D2A90096F6F7 /* Data */,
				C4AE19F82BC8D2A90096F6F7 /* DataTests */,
				C4412D3A2BCF5F0900CD8549 /* infra */,
				C4412D442BCF5F0900CD8549 /* infraTests */,
				C4E5AD112BD6E59A00FF1D66 /* UseCasesIntegrationTests */,
				C4AE19CF2BC8CEF20096F6F7 /* Products */,
				C4AE1A022BC8D3080096F6F7 /* Frameworks */,
			);
			sourceTree = "<group>";
		};
		C4AE19CF2BC8CEF20096F6F7 /* Products */ = {
			isa = PBXGroup;
			children = (
				C4AE19DD2BC8CF190096F6F7 /* Domain.framework */,
				C4AE19ED2BC8D2A90096F6F7 /* Data.framework */,
				C4AE19F42BC8D2A90096F6F7 /* DataTests.xctest */,
				C4412D392BCF5F0900CD8549 /* infra.framework */,
				C4412D402BCF5F0900CD8549 /* infraTests.xctest */,
				C4E5AD102BD6E59A00FF1D66 /* UseCasesIntegrationTests.xctest */,
			);
			name = Products;
			sourceTree = "<group>";
		};
		C4AE19DE2BC8CF190096F6F7 /* Domain */ = {
			isa = PBXGroup;
			children = (
				C4E111842BCA195800D877C8 /* Erros */,
				C4E1117E2BCA08E200D877C8 /* UseCases */,
				C4E111802BCA091000D877C8 /* Models */,
			);
			path = Domain;
			sourceTree = "<group>";
		};
		C4AE19EE2BC8D2A90096F6F7 /* Data */ = {
			isa = PBXGroup;
			children = (
				C41A486B2BCB6D91008D3445 /* Helpers */,
				C4E111812BCA096700D877C8 /* UseCases */,
				C4E111822BCA097400D877C8 /* Http */,
			);
			path = Data;
			sourceTree = "<group>";
		};
		C4AE19F82BC8D2A90096F6F7 /* DataTests */ = {
			isa = PBXGroup;
			children = (
				C4B5ABD62BCDB7770078D037 /* Helpers */,
				C4E111832BCA098C00D877C8 /* UseCases */,
				C4B5ABDB2BCDBCF40078D037 /* Http */,
			);
			path = DataTests;
			sourceTree = "<group>";
		};
		C4AE1A022BC8D3080096F6F7 /* Frameworks */ = {
			isa = PBXGroup;
			children = (
			);
			name = Frameworks;
			sourceTree = "<group>";
		};
		C4B391652BD2ED510030472C /* Http */ = {
			isa = PBXGroup;
			children = (
				C4B3915D2BD2EADA0030472C /* AlamofireAdapter.swift */,
			);
			path = Http;
			sourceTree = "<group>";
		};
		C4B391662BD2ED750030472C /* Http */ = {
			isa = PBXGroup;
			children = (
				C4B391672BD2ED880030472C /* UrlProtocolStub.swift */,
			);
			path = Http;
			sourceTree = "<group>";
		};
		C4B5ABD62BCDB7770078D037 /* Helpers */ = {
			isa = PBXGroup;
			children = (
				C4B5ABD72BCDB79F0078D037 /* TestExtensions.swift */,
				C4B5ABD92BCDBC810078D037 /* TestFactories.swift */,
				C4B5ABDE2BCDBD7D0078D037 /* AccountModelFactory.swift */,
			);
			path = Helpers;
			sourceTree = "<group>";
		};
		C4B5ABDB2BCDBCF40078D037 /* Http */ = {
			isa = PBXGroup;
			children = (
				C4B5ABDC2BCDBD260078D037 /* HttpClientSpy.swift */,
			);
			path = Http;
			sourceTree = "<group>";
		};
		C4E1117E2BCA08E200D877C8 /* UseCases */ = {
			isa = PBXGroup;
			children = (
				C4AE19E42BC8CFA20096F6F7 /* AddAccount.swift */,
			);
			path = UseCases;
			sourceTree = "<group>";
		};
		C4E111802BCA091000D877C8 /* Models */ = {
			isa = PBXGroup;
			children = (
				C4AE19E62BC8D17C0096F6F7 /* AccountModel.swift */,
				C4E111782BC9E50100D877C8 /* Model.swift */,
			);
			name = Models;
			sourceTree = "<group>";
		};
		C4E111812BCA096700D877C8 /* UseCases */ = {
			isa = PBXGroup;
			children = (
				C4E1117A2BC9E62900D877C8 /* RemoteAddAccount.swift */,
			);
			path = UseCases;
			sourceTree = "<group>";
		};
		C4E111822BCA097400D877C8 /* Http */ = {
			isa = PBXGroup;
			children = (
				C4E1117C2BC9E69700D877C8 /* HttpPostClient.swift */,
				C4E111872BCA1F0900D877C8 /* HttpError.swift */,
			);
			path = Http;
			sourceTree = "<group>";
		};
		C4E111832BCA098C00D877C8 /* UseCases */ = {
			isa = PBXGroup;
			children = (
				C4AE19F92BC8D2A90096F6F7 /* RemoteAddAccountTests.swift */,
			);
			path = UseCases;
			sourceTree = "<group>";
		};
		C4E111842BCA195800D877C8 /* Erros */ = {
			isa = PBXGroup;
			children = (
				C4E111852BCA197800D877C8 /* DomainError.swift */,
			);
			path = Erros;
			sourceTree = "<group>";
		};
		C4E5AD112BD6E59A00FF1D66 /* UseCasesIntegrationTests */ = {
			isa = PBXGroup;
			children = (
				C4E5AD122BD6E59A00FF1D66 /* AddAccountIntegrationTests.swift */,
			);
			path = UseCasesIntegrationTests;
			sourceTree = "<group>";
		};
/* End PBXGroup section */

/* Begin PBXHeadersBuildPhase section */
		C4412D342BCF5F0900CD8549 /* Headers */ = {
			isa = PBXHeadersBuildPhase;
			buildActionMask = 2147483647;
			files = (
			);
			runOnlyForDeploymentPostprocessing = 0;
		};
		C4AE19D82BC8CF190096F6F7 /* Headers */ = {
			isa = PBXHeadersBuildPhase;
			buildActionMask = 2147483647;
			files = (
			);
			runOnlyForDeploymentPostprocessing = 0;
		};
		C4AE19E82BC8D2A90096F6F7 /* Headers */ = {
			isa = PBXHeadersBuildPhase;
			buildActionMask = 2147483647;
			files = (
			);
			runOnlyForDeploymentPostprocessing = 0;
		};
/* End PBXHeadersBuildPhase section */

/* Begin PBXNativeTarget section */
		C4412D382BCF5F0900CD8549 /* infra */ = {
			isa = PBXNativeTarget;
			buildConfigurationList = C4412D4C2BCF5F0900CD8549 /* Build configuration list for PBXNativeTarget "infra" */;
			buildPhases = (
				C4412D342BCF5F0900CD8549 /* Headers */,
				C4412D352BCF5F0900CD8549 /* Sources */,
				C4412D362BCF5F0900CD8549 /* Frameworks */,
				C4412D372BCF5F0900CD8549 /* Resources */,
				C4412D522BCF602200CD8549 /* Embed Frameworks */,
			);
			buildRules = (
			);
			dependencies = (
				C4412D512BCF602200CD8549 /* PBXTargetDependency */,
			);
			name = infra;
			packageProductDependencies = (
				C4D935142BD03E5000142776 /* Alamofire */,
			);
			productName = infra;
			productReference = C4412D392BCF5F0900CD8549 /* infra.framework */;
			productType = "com.apple.product-type.framework";
		};
		C4412D3F2BCF5F0900CD8549 /* infraTests */ = {
			isa = PBXNativeTarget;
			buildConfigurationList = C4412D4D2BCF5F0900CD8549 /* Build configuration list for PBXNativeTarget "infraTests" */;
			buildPhases = (
				C4412D3C2BCF5F0900CD8549 /* Sources */,
				C4412D3D2BCF5F0900CD8549 /* Frameworks */,
				C4412D3E2BCF5F0900CD8549 /* Resources */,
			);
			buildRules = (
			);
			dependencies = (
				C4412D432BCF5F0900CD8549 /* PBXTargetDependency */,
			);
			name = infraTests;
			productName = infraTests;
			productReference = C4412D402BCF5F0900CD8549 /* infraTests.xctest */;
			productType = "com.apple.product-type.bundle.unit-test";
		};
		C4AE19DC2BC8CF190096F6F7 /* Domain */ = {
			isa = PBXNativeTarget;
			buildConfigurationList = C4AE19E12BC8CF190096F6F7 /* Build configuration list for PBXNativeTarget "Domain" */;
			buildPhases = (
				C4AE19D82BC8CF190096F6F7 /* Headers */,
				C4AE19D92BC8CF190096F6F7 /* Sources */,
				C4AE19DA2BC8CF190096F6F7 /* Frameworks */,
				C4AE19DB2BC8CF190096F6F7 /* Resources */,
			);
			buildRules = (
			);
			dependencies = (
			);
			name = Domain;
			productName = Domain;
			productReference = C4AE19DD2BC8CF190096F6F7 /* Domain.framework */;
			productType = "com.apple.product-type.framework";
		};
		C4AE19EC2BC8D2A90096F6F7 /* Data */ = {
			isa = PBXNativeTarget;
			buildConfigurationList = C4AE19FC2BC8D2A90096F6F7 /* Build configuration list for PBXNativeTarget "Data" */;
			buildPhases = (
				C4AE19E82BC8D2A90096F6F7 /* Headers */,
				C4AE19E92BC8D2A90096F6F7 /* Sources */,
				C4AE19EA2BC8D2A90096F6F7 /* Frameworks */,
				C4AE19EB2BC8D2A90096F6F7 /* Resources */,
				C4AE1A072BC8D3080096F6F7 /* Embed Frameworks */,
			);
			buildRules = (
			);
			dependencies = (
				C4AE1A062BC8D3080096F6F7 /* PBXTargetDependency */,
			);
			name = Data;
			productName = Data;
			productReference = C4AE19ED2BC8D2A90096F6F7 /* Data.framework */;
			productType = "com.apple.product-type.framework";
		};
		C4AE19F32BC8D2A90096F6F7 /* DataTests */ = {
			isa = PBXNativeTarget;
			buildConfigurationList = C4AE19FF2BC8D2A90096F6F7 /* Build configuration list for PBXNativeTarget "DataTests" */;
			buildPhases = (
				C4AE19F02BC8D2A90096F6F7 /* Sources */,
				C4AE19F12BC8D2A90096F6F7 /* Frameworks */,
				C4AE19F22BC8D2A90096F6F7 /* Resources */,
			);
			buildRules = (
			);
			dependencies = (
				C4AE19F72BC8D2A90096F6F7 /* PBXTargetDependency */,
			);
			name = DataTests;
			productName = DataTests;
			productReference = C4AE19F42BC8D2A90096F6F7 /* DataTests.xctest */;
			productType = "com.apple.product-type.bundle.unit-test";
		};
		C4E5AD0F2BD6E59A00FF1D66 /* UseCasesIntegrationTests */ = {
			isa = PBXNativeTarget;
			buildConfigurationList = C4E5AD172BD6E59A00FF1D66 /* Build configuration list for PBXNativeTarget "UseCasesIntegrationTests" */;
			buildPhases = (
				C4E5AD0C2BD6E59A00FF1D66 /* Sources */,
				C4E5AD0D2BD6E59A00FF1D66 /* Frameworks */,
				C4E5AD0E2BD6E59A00FF1D66 /* Resources */,
				C4E5AD222BD6E5C600FF1D66 /* Embed Frameworks */,
			);
			buildRules = (
			);
			dependencies = (
				C4E5AD162BD6E59A00FF1D66 /* PBXTargetDependency */,
				C4E5AD1D2BD6E5C600FF1D66 /* PBXTargetDependency */,
				C4E5AD212BD6E5C600FF1D66 /* PBXTargetDependency */,
			);
			name = UseCasesIntegrationTests;
			productName = UseCasesIntegrationTests;
			productReference = C4E5AD102BD6E59A00FF1D66 /* UseCasesIntegrationTests.xctest */;
			productType = "com.apple.product-type.bundle.unit-test";
		};
/* End PBXNativeTarget section */

/* Begin PBXProject section */
		C4AE19C52BC8CEF20096F6F7 /* Project object */ = {
			isa = PBXProject;
			attributes = {
				BuildIndependentTargetsInParallel = 1;
				LastSwiftUpdateCheck = 1520;
				LastUpgradeCheck = 1520;
				TargetAttributes = {
					C4412D382BCF5F0900CD8549 = {
						CreatedOnToolsVersion = 15.2;
						LastSwiftMigration = 1520;
					};
					C4412D3F2BCF5F0900CD8549 = {
						CreatedOnToolsVersion = 15.2;
					};
					C4AE19DC2BC8CF190096F6F7 = {
						CreatedOnToolsVersion = 15.2;
						LastSwiftMigration = 1520;
					};
					C4AE19EC2BC8D2A90096F6F7 = {
						CreatedOnToolsVersion = 15.2;
						LastSwiftMigration = 1520;
					};
					C4AE19F32BC8D2A90096F6F7 = {
						CreatedOnToolsVersion = 15.2;
					};
					C4E5AD0F2BD6E59A00FF1D66 = {
						CreatedOnToolsVersion = 15.2;
					};
				};
			};
			buildConfigurationList = C4AE19C82BC8CEF20096F6F7 /* Build configuration list for PBXProject "CleanApp" */;
			compatibilityVersion = "Xcode 14.0";
			developmentRegion = en;
			hasScannedForEncodings = 0;
			knownRegions = (
				en,
				Base,
			);
			mainGroup = C4AE19C42BC8CEF20096F6F7;
			packageReferences = (
				C4D935132BD03C9600142776 /* XCRemoteSwiftPackageReference "Alamofire" */,
			);
			productRefGroup = C4AE19CF2BC8CEF20096F6F7 /* Products */;
			projectDirPath = "";
			projectRoot = "";
			targets = (
				C4AE19DC2BC8CF190096F6F7 /* Domain */,
				C4AE19EC2BC8D2A90096F6F7 /* Data */,
				C4AE19F32BC8D2A90096F6F7 /* DataTests */,
				C4412D382BCF5F0900CD8549 /* infra */,
				C4412D3F2BCF5F0900CD8549 /* infraTests */,
				C4E5AD0F2BD6E59A00FF1D66 /* UseCasesIntegrationTests */,
			);
		};
/* End PBXProject section */

/* Begin PBXResourcesBuildPhase section */
		C4412D372BCF5F0900CD8549 /* Resources */ = {
			isa = PBXResourcesBuildPhase;
			buildActionMask = 2147483647;
			files = (
			);
			runOnlyForDeploymentPostprocessing = 0;
		};
		C4412D3E2BCF5F0900CD8549 /* Resources */ = {
			isa = PBXResourcesBuildPhase;
			buildActionMask = 2147483647;
			files = (
			);
			runOnlyForDeploymentPostprocessing = 0;
		};
		C4AE19DB2BC8CF190096F6F7 /* Resources */ = {
			isa = PBXResourcesBuildPhase;
			buildActionMask = 2147483647;
			files = (
			);
			runOnlyForDeploymentPostprocessing = 0;
		};
		C4AE19EB2BC8D2A90096F6F7 /* Resources */ = {
			isa = PBXResourcesBuildPhase;
			buildActionMask = 2147483647;
			files = (
			);
			runOnlyForDeploymentPostprocessing = 0;
		};
		C4AE19F22BC8D2A90096F6F7 /* Resources */ = {
			isa = PBXResourcesBuildPhase;
			buildActionMask = 2147483647;
			files = (
			);
			runOnlyForDeploymentPostprocessing = 0;
		};
		C4E5AD0E2BD6E59A00FF1D66 /* Resources */ = {
			isa = PBXResourcesBuildPhase;
			buildActionMask = 2147483647;
			files = (
			);
			runOnlyForDeploymentPostprocessing = 0;
		};
/* End PBXResourcesBuildPhase section */

/* Begin PBXSourcesBuildPhase section */
		C4412D352BCF5F0900CD8549 /* Sources */ = {
			isa = PBXSourcesBuildPhase;
			buildActionMask = 2147483647;
			files = (
				C4B3915E2BD2EADA0030472C /* AlamofireAdapter.swift in Sources */,
			);
			runOnlyForDeploymentPostprocessing = 0;
		};
		C4412D3C2BCF5F0900CD8549 /* Sources */ = {
			isa = PBXSourcesBuildPhase;
			buildActionMask = 2147483647;
			files = (
				C4412D552BCF606900CD8549 /* TestFactories.swift in Sources */,
				C4412D462BCF5F0900CD8549 /* AlamofireAdapterTests.swift in Sources */,
				C4D935122BD03AC200142776 /* AccountModelFactory.swift in Sources */,
				C4B391682BD2ED880030472C /* UrlProtocolStub.swift in Sources */,
				C4D5368D2BD14B48001DAF11 /* ExtensionHelpers.swift in Sources */,
				C4412D542BCF605D00CD8549 /* TestExtensions.swift in Sources */,
			);
			runOnlyForDeploymentPostprocessing = 0;
		};
		C4AE19D92BC8CF190096F6F7 /* Sources */ = {
			isa = PBXSourcesBuildPhase;
			buildActionMask = 2147483647;
			files = (
				C4E111792BC9E50100D877C8 /* Model.swift in Sources */,
				C4AE19E52BC8CFA20096F6F7 /* AddAccount.swift in Sources */,
				C4E111862BCA197800D877C8 /* DomainError.swift in Sources */,
				C4AE19E72BC8D17C0096F6F7 /* AccountModel.swift in Sources */,
			);
			runOnlyForDeploymentPostprocessing = 0;
		};
		C4AE19E92BC8D2A90096F6F7 /* Sources */ = {
			isa = PBXSourcesBuildPhase;
			buildActionMask = 2147483647;
			files = (
				C4E1117D2BC9E69700D877C8 /* HttpPostClient.swift in Sources */,
				C41A486D2BCB6DAF008D3445 /* ExtensionHelpers.swift in Sources */,
				C4E111882BCA1F0900D877C8 /* HttpError.swift in Sources */,
				C4E1117B2BC9E62900D877C8 /* RemoteAddAccount.swift in Sources */,
			);
			runOnlyForDeploymentPostprocessing = 0;
		};
		C4AE19F02BC8D2A90096F6F7 /* Sources */ = {
			isa = PBXSourcesBuildPhase;
			buildActionMask = 2147483647;
			files = (
				C4B5ABDA2BCDBC810078D037 /* TestFactories.swift in Sources */,
				C4B5ABDD2BCDBD260078D037 /* HttpClientSpy.swift in Sources */,
				C4AE19FA2BC8D2A90096F6F7 /* RemoteAddAccountTests.swift in Sources */,
				C4B5ABDF2BCDBD7D0078D037 /* AccountModelFactory.swift in Sources */,
				C4B5ABD82BCDB79F0078D037 /* TestExtensions.swift in Sources */,
			);
			runOnlyForDeploymentPostprocessing = 0;
		};
		C4E5AD0C2BD6E59A00FF1D66 /* Sources */ = {
			isa = PBXSourcesBuildPhase;
			buildActionMask = 2147483647;
			files = (
				C4E5AD132BD6E59A00FF1D66 /* AddAccountIntegrationTests.swift in Sources */,
			);
			runOnlyForDeploymentPostprocessing = 0;
		};
/* End PBXSourcesBuildPhase section */

/* Begin PBXTargetDependency section */
		C4412D432BCF5F0900CD8549 /* PBXTargetDependency */ = {
			isa = PBXTargetDependency;
			target = C4412D382BCF5F0900CD8549 /* infra */;
			targetProxy = C4412D422BCF5F0900CD8549 /* PBXContainerItemProxy */;
		};
		C4412D512BCF602200CD8549 /* PBXTargetDependency */ = {
			isa = PBXTargetDependency;
			target = C4AE19EC2BC8D2A90096F6F7 /* Data */;
			targetProxy = C4412D502BCF602200CD8549 /* PBXContainerItemProxy */;
		};
		C4AE19F72BC8D2A90096F6F7 /* PBXTargetDependency */ = {
			isa = PBXTargetDependency;
			target = C4AE19EC2BC8D2A90096F6F7 /* Data */;
			targetProxy = C4AE19F62BC8D2A90096F6F7 /* PBXContainerItemProxy */;
		};
		C4AE1A062BC8D3080096F6F7 /* PBXTargetDependency */ = {
			isa = PBXTargetDependency;
			target = C4AE19DC2BC8CF190096F6F7 /* Domain */;
			targetProxy = C4AE1A052BC8D3080096F6F7 /* PBXContainerItemProxy */;
		};
		C4E5AD162BD6E59A00FF1D66 /* PBXTargetDependency */ = {
			isa = PBXTargetDependency;
			target = C4AE19EC2BC8D2A90096F6F7 /* Data */;
			targetProxy = C4E5AD152BD6E59A00FF1D66 /* PBXContainerItemProxy */;
		};
		C4E5AD1D2BD6E5C600FF1D66 /* PBXTargetDependency */ = {
			isa = PBXTargetDependency;
			target = C4AE19DC2BC8CF190096F6F7 /* Domain */;
			targetProxy = C4E5AD1C2BD6E5C600FF1D66 /* PBXContainerItemProxy */;
		};
		C4E5AD212BD6E5C600FF1D66 /* PBXTargetDependency */ = {
			isa = PBXTargetDependency;
			target = C4412D382BCF5F0900CD8549 /* infra */;
			targetProxy = C4E5AD202BD6E5C600FF1D66 /* PBXContainerItemProxy */;
		};
/* End PBXTargetDependency section */

/* Begin XCBuildConfiguration section */
		C4412D482BCF5F0900CD8549 /* Debug */ = {
			isa = XCBuildConfiguration;
			buildSettings = {
				CLANG_ENABLE_MODULES = YES;
				CODE_SIGN_STYLE = Automatic;
				COMBINE_HIDPI_IMAGES = YES;
				CURRENT_PROJECT_VERSION = 1;
				DEFINES_MODULE = YES;
				DYLIB_COMPATIBILITY_VERSION = 1;
				DYLIB_CURRENT_VERSION = 1;
				DYLIB_INSTALL_NAME_BASE = "@rpath";
				ENABLE_MODULE_VERIFIER = YES;
				GENERATE_INFOPLIST_FILE = YES;
				INFOPLIST_KEY_NSHumanReadableCopyright = "";
				INSTALL_PATH = "$(LOCAL_LIBRARY_DIR)/Frameworks";
				LD_RUNPATH_SEARCH_PATHS = (
					"$(inherited)",
					"@executable_path/../Frameworks",
					"@loader_path/Frameworks",
				);
				MACOSX_DEPLOYMENT_TARGET = 14.2;
				MARKETING_VERSION = 1.0;
				MODULE_VERIFIER_SUPPORTED_LANGUAGES = "objective-c objective-c++";
				MODULE_VERIFIER_SUPPORTED_LANGUAGE_STANDARDS = "gnu17 gnu++20";
				PRODUCT_BUNDLE_IDENTIFIER = masteringswiftui.co.infra;
				PRODUCT_NAME = "$(TARGET_NAME:c99extidentifier)";
				SDKROOT = macosx;
				SKIP_INSTALL = YES;
				SWIFT_EMIT_LOC_STRINGS = YES;
				SWIFT_OPTIMIZATION_LEVEL = "-Onone";
				SWIFT_VERSION = 5.0;
			};
			name = Debug;
		};
		C4412D492BCF5F0900CD8549 /* Release */ = {
			isa = XCBuildConfiguration;
			buildSettings = {
				CLANG_ENABLE_MODULES = YES;
				CODE_SIGN_STYLE = Automatic;
				COMBINE_HIDPI_IMAGES = YES;
				CURRENT_PROJECT_VERSION = 1;
				DEFINES_MODULE = YES;
				DYLIB_COMPATIBILITY_VERSION = 1;
				DYLIB_CURRENT_VERSION = 1;
				DYLIB_INSTALL_NAME_BASE = "@rpath";
				ENABLE_MODULE_VERIFIER = YES;
				GENERATE_INFOPLIST_FILE = YES;
				INFOPLIST_KEY_NSHumanReadableCopyright = "";
				INSTALL_PATH = "$(LOCAL_LIBRARY_DIR)/Frameworks";
				LD_RUNPATH_SEARCH_PATHS = (
					"$(inherited)",
					"@executable_path/../Frameworks",
					"@loader_path/Frameworks",
				);
				MACOSX_DEPLOYMENT_TARGET = 14.2;
				MARKETING_VERSION = 1.0;
				MODULE_VERIFIER_SUPPORTED_LANGUAGES = "objective-c objective-c++";
				MODULE_VERIFIER_SUPPORTED_LANGUAGE_STANDARDS = "gnu17 gnu++20";
				PRODUCT_BUNDLE_IDENTIFIER = masteringswiftui.co.infra;
				PRODUCT_NAME = "$(TARGET_NAME:c99extidentifier)";
				SDKROOT = macosx;
				SKIP_INSTALL = YES;
				SWIFT_EMIT_LOC_STRINGS = YES;
				SWIFT_VERSION = 5.0;
			};
			name = Release;
		};
		C4412D4A2BCF5F0900CD8549 /* Debug */ = {
			isa = XCBuildConfiguration;
			buildSettings = {
				CODE_SIGN_STYLE = Automatic;
				CURRENT_PROJECT_VERSION = 1;
				GENERATE_INFOPLIST_FILE = YES;
				MACOSX_DEPLOYMENT_TARGET = 14.2;
				MARKETING_VERSION = 1.0;
				PRODUCT_BUNDLE_IDENTIFIER = masteringswiftui.co.infraTests;
				PRODUCT_NAME = "$(TARGET_NAME)";
				SDKROOT = macosx;
				SWIFT_EMIT_LOC_STRINGS = NO;
				SWIFT_VERSION = 5.0;
			};
			name = Debug;
		};
		C4412D4B2BCF5F0900CD8549 /* Release */ = {
			isa = XCBuildConfiguration;
			buildSettings = {
				CODE_SIGN_STYLE = Automatic;
				CURRENT_PROJECT_VERSION = 1;
				GENERATE_INFOPLIST_FILE = YES;
				MACOSX_DEPLOYMENT_TARGET = 14.2;
				MARKETING_VERSION = 1.0;
				PRODUCT_BUNDLE_IDENTIFIER = masteringswiftui.co.infraTests;
				PRODUCT_NAME = "$(TARGET_NAME)";
				SDKROOT = macosx;
				SWIFT_EMIT_LOC_STRINGS = NO;
				SWIFT_VERSION = 5.0;
			};
			name = Release;
		};
		C4AE19D32BC8CEF20096F6F7 /* Debug */ = {
			isa = XCBuildConfiguration;
			buildSettings = {
				ALWAYS_SEARCH_USER_PATHS = NO;
				ASSETCATALOG_COMPILER_GENERATE_SWIFT_ASSET_SYMBOL_EXTENSIONS = YES;
				CLANG_ANALYZER_NONNULL = YES;
				CLANG_ANALYZER_NUMBER_OBJECT_CONVERSION = YES_AGGRESSIVE;
				CLANG_CXX_LANGUAGE_STANDARD = "gnu++20";
				CLANG_ENABLE_MODULES = YES;
				CLANG_ENABLE_OBJC_ARC = YES;
				CLANG_ENABLE_OBJC_WEAK = YES;
				CLANG_WARN_BLOCK_CAPTURE_AUTORELEASING = YES;
				CLANG_WARN_BOOL_CONVERSION = YES;
				CLANG_WARN_COMMA = YES;
				CLANG_WARN_CONSTANT_CONVERSION = YES;
				CLANG_WARN_DEPRECATED_OBJC_IMPLEMENTATIONS = YES;
				CLANG_WARN_DIRECT_OBJC_ISA_USAGE = YES_ERROR;
				CLANG_WARN_DOCUMENTATION_COMMENTS = YES;
				CLANG_WARN_EMPTY_BODY = YES;
				CLANG_WARN_ENUM_CONVERSION = YES;
				CLANG_WARN_INFINITE_RECURSION = YES;
				CLANG_WARN_INT_CONVERSION = YES;
				CLANG_WARN_NON_LITERAL_NULL_CONVERSION = YES;
				CLANG_WARN_OBJC_IMPLICIT_RETAIN_SELF = YES;
				CLANG_WARN_OBJC_LITERAL_CONVERSION = YES;
				CLANG_WARN_OBJC_ROOT_CLASS = YES_ERROR;
				CLANG_WARN_QUOTED_INCLUDE_IN_FRAMEWORK_HEADER = YES;
				CLANG_WARN_RANGE_LOOP_ANALYSIS = YES;
				CLANG_WARN_STRICT_PROTOTYPES = YES;
				CLANG_WARN_SUSPICIOUS_MOVE = YES;
				CLANG_WARN_UNGUARDED_AVAILABILITY = YES_AGGRESSIVE;
				CLANG_WARN_UNREACHABLE_CODE = YES;
				CLANG_WARN__DUPLICATE_METHOD_MATCH = YES;
				COPY_PHASE_STRIP = NO;
				CURRENT_PROJECT_VERSION = 1;
				DEBUG_INFORMATION_FORMAT = dwarf;
				ENABLE_STRICT_OBJC_MSGSEND = YES;
				ENABLE_TESTABILITY = YES;
				ENABLE_USER_SCRIPT_SANDBOXING = YES;
				GCC_C_LANGUAGE_STANDARD = gnu17;
				GCC_DYNAMIC_NO_PIC = NO;
				GCC_NO_COMMON_BLOCKS = YES;
				GCC_OPTIMIZATION_LEVEL = 0;
				GCC_PREPROCESSOR_DEFINITIONS = (
					"DEBUG=1",
					"$(inherited)",
				);
				GCC_WARN_64_TO_32_BIT_CONVERSION = YES;
				GCC_WARN_ABOUT_RETURN_TYPE = YES_ERROR;
				GCC_WARN_UNDECLARED_SELECTOR = YES;
				GCC_WARN_UNINITIALIZED_AUTOS = YES_AGGRESSIVE;
				GCC_WARN_UNUSED_FUNCTION = YES;
				GCC_WARN_UNUSED_VARIABLE = YES;
				IPHONEOS_DEPLOYMENT_TARGET = 17.2;
				LOCALIZATION_PREFERS_STRING_CATALOGS = YES;
				MTL_ENABLE_DEBUG_INFO = INCLUDE_SOURCE;
				MTL_FAST_MATH = YES;
				ONLY_ACTIVE_ARCH = YES;
				SDKROOT = iphoneos;
				SWIFT_ACTIVE_COMPILATION_CONDITIONS = "DEBUG $(inherited)";
				SWIFT_OPTIMIZATION_LEVEL = "-Onone";
				VERSIONING_SYSTEM = "apple-generic";
				VERSION_INFO_PREFIX = "";
			};
			name = Debug;
		};
		C4AE19D42BC8CEF20096F6F7 /* Release */ = {
			isa = XCBuildConfiguration;
			buildSettings = {
				ALWAYS_SEARCH_USER_PATHS = NO;
				ASSETCATALOG_COMPILER_GENERATE_SWIFT_ASSET_SYMBOL_EXTENSIONS = YES;
				CLANG_ANALYZER_NONNULL = YES;
				CLANG_ANALYZER_NUMBER_OBJECT_CONVERSION = YES_AGGRESSIVE;
				CLANG_CXX_LANGUAGE_STANDARD = "gnu++20";
				CLANG_ENABLE_MODULES = YES;
				CLANG_ENABLE_OBJC_ARC = YES;
				CLANG_ENABLE_OBJC_WEAK = YES;
				CLANG_WARN_BLOCK_CAPTURE_AUTORELEASING = YES;
				CLANG_WARN_BOOL_CONVERSION = YES;
				CLANG_WARN_COMMA = YES;
				CLANG_WARN_CONSTANT_CONVERSION = YES;
				CLANG_WARN_DEPRECATED_OBJC_IMPLEMENTATIONS = YES;
				CLANG_WARN_DIRECT_OBJC_ISA_USAGE = YES_ERROR;
				CLANG_WARN_DOCUMENTATION_COMMENTS = YES;
				CLANG_WARN_EMPTY_BODY = YES;
				CLANG_WARN_ENUM_CONVERSION = YES;
				CLANG_WARN_INFINITE_RECURSION = YES;
				CLANG_WARN_INT_CONVERSION = YES;
				CLANG_WARN_NON_LITERAL_NULL_CONVERSION = YES;
				CLANG_WARN_OBJC_IMPLICIT_RETAIN_SELF = YES;
				CLANG_WARN_OBJC_LITERAL_CONVERSION = YES;
				CLANG_WARN_OBJC_ROOT_CLASS = YES_ERROR;
				CLANG_WARN_QUOTED_INCLUDE_IN_FRAMEWORK_HEADER = YES;
				CLANG_WARN_RANGE_LOOP_ANALYSIS = YES;
				CLANG_WARN_STRICT_PROTOTYPES = YES;
				CLANG_WARN_SUSPICIOUS_MOVE = YES;
				CLANG_WARN_UNGUARDED_AVAILABILITY = YES_AGGRESSIVE;
				CLANG_WARN_UNREACHABLE_CODE = YES;
				CLANG_WARN__DUPLICATE_METHOD_MATCH = YES;
				COPY_PHASE_STRIP = NO;
				CURRENT_PROJECT_VERSION = 1;
				DEBUG_INFORMATION_FORMAT = "dwarf-with-dsym";
				ENABLE_NS_ASSERTIONS = NO;
				ENABLE_STRICT_OBJC_MSGSEND = YES;
				ENABLE_USER_SCRIPT_SANDBOXING = YES;
				GCC_C_LANGUAGE_STANDARD = gnu17;
				GCC_NO_COMMON_BLOCKS = YES;
				GCC_WARN_64_TO_32_BIT_CONVERSION = YES;
				GCC_WARN_ABOUT_RETURN_TYPE = YES_ERROR;
				GCC_WARN_UNDECLARED_SELECTOR = YES;
				GCC_WARN_UNINITIALIZED_AUTOS = YES_AGGRESSIVE;
				GCC_WARN_UNUSED_FUNCTION = YES;
				GCC_WARN_UNUSED_VARIABLE = YES;
				IPHONEOS_DEPLOYMENT_TARGET = 17.2;
				LOCALIZATION_PREFERS_STRING_CATALOGS = YES;
				MTL_ENABLE_DEBUG_INFO = NO;
				MTL_FAST_MATH = YES;
				SDKROOT = iphoneos;
				SWIFT_COMPILATION_MODE = wholemodule;
				VALIDATE_PRODUCT = YES;
				VERSIONING_SYSTEM = "apple-generic";
				VERSION_INFO_PREFIX = "";
			};
			name = Release;
		};
		C4AE19E22BC8CF190096F6F7 /* Debug */ = {
			isa = XCBuildConfiguration;
			buildSettings = {
				CLANG_ENABLE_MODULES = YES;
				CODE_SIGN_STYLE = Automatic;
				COMBINE_HIDPI_IMAGES = YES;
				CURRENT_PROJECT_VERSION = 1;
				DEFINES_MODULE = YES;
				DYLIB_COMPATIBILITY_VERSION = 1;
				DYLIB_CURRENT_VERSION = 1;
				DYLIB_INSTALL_NAME_BASE = "@rpath";
				ENABLE_MODULE_VERIFIER = YES;
				GENERATE_INFOPLIST_FILE = YES;
				INFOPLIST_KEY_NSHumanReadableCopyright = "";
				INSTALL_PATH = "$(LOCAL_LIBRARY_DIR)/Frameworks";
				LD_RUNPATH_SEARCH_PATHS = (
					"$(inherited)",
					"@executable_path/../Frameworks",
					"@loader_path/Frameworks",
				);
				MACOSX_DEPLOYMENT_TARGET = 14.2;
				MARKETING_VERSION = 1.0;
				MODULE_VERIFIER_SUPPORTED_LANGUAGES = "objective-c objective-c++";
				MODULE_VERIFIER_SUPPORTED_LANGUAGE_STANDARDS = "gnu17 gnu++20";
				PRODUCT_BUNDLE_IDENTIFIER = masteringswiftui.co.Domain;
				PRODUCT_NAME = "$(TARGET_NAME:c99extidentifier)";
				SDKROOT = macosx;
				SKIP_INSTALL = YES;
				SWIFT_EMIT_LOC_STRINGS = YES;
				SWIFT_OPTIMIZATION_LEVEL = "-Onone";
				SWIFT_VERSION = 5.0;
			};
			name = Debug;
		};
		C4AE19E32BC8CF190096F6F7 /* Release */ = {
			isa = XCBuildConfiguration;
			buildSettings = {
				CLANG_ENABLE_MODULES = YES;
				CODE_SIGN_STYLE = Automatic;
				COMBINE_HIDPI_IMAGES = YES;
				CURRENT_PROJECT_VERSION = 1;
				DEFINES_MODULE = YES;
				DYLIB_COMPATIBILITY_VERSION = 1;
				DYLIB_CURRENT_VERSION = 1;
				DYLIB_INSTALL_NAME_BASE = "@rpath";
				ENABLE_MODULE_VERIFIER = YES;
				GENERATE_INFOPLIST_FILE = YES;
				INFOPLIST_KEY_NSHumanReadableCopyright = "";
				INSTALL_PATH = "$(LOCAL_LIBRARY_DIR)/Frameworks";
				LD_RUNPATH_SEARCH_PATHS = (
					"$(inherited)",
					"@executable_path/../Frameworks",
					"@loader_path/Frameworks",
				);
				MACOSX_DEPLOYMENT_TARGET = 14.2;
				MARKETING_VERSION = 1.0;
				MODULE_VERIFIER_SUPPORTED_LANGUAGES = "objective-c objective-c++";
				MODULE_VERIFIER_SUPPORTED_LANGUAGE_STANDARDS = "gnu17 gnu++20";
				PRODUCT_BUNDLE_IDENTIFIER = masteringswiftui.co.Domain;
				PRODUCT_NAME = "$(TARGET_NAME:c99extidentifier)";
				SDKROOT = macosx;
				SKIP_INSTALL = YES;
				SWIFT_EMIT_LOC_STRINGS = YES;
				SWIFT_VERSION = 5.0;
			};
			name = Release;
		};
		C4AE19FD2BC8D2A90096F6F7 /* Debug */ = {
			isa = XCBuildConfiguration;
			buildSettings = {
				CLANG_ENABLE_MODULES = YES;
				CODE_SIGN_STYLE = Automatic;
				COMBINE_HIDPI_IMAGES = YES;
				CURRENT_PROJECT_VERSION = 1;
				DEFINES_MODULE = YES;
				DYLIB_COMPATIBILITY_VERSION = 1;
				DYLIB_CURRENT_VERSION = 1;
				DYLIB_INSTALL_NAME_BASE = "@rpath";
				ENABLE_MODULE_VERIFIER = YES;
				GENERATE_INFOPLIST_FILE = YES;
				INFOPLIST_KEY_NSHumanReadableCopyright = "";
				INSTALL_PATH = "$(LOCAL_LIBRARY_DIR)/Frameworks";
				LD_RUNPATH_SEARCH_PATHS = (
					"$(inherited)",
					"@executable_path/../Frameworks",
					"@loader_path/Frameworks",
				);
				MACOSX_DEPLOYMENT_TARGET = 14.2;
				MARKETING_VERSION = 1.0;
				MODULE_VERIFIER_SUPPORTED_LANGUAGES = "objective-c objective-c++";
				MODULE_VERIFIER_SUPPORTED_LANGUAGE_STANDARDS = "gnu17 gnu++20";
				PRODUCT_BUNDLE_IDENTIFIER = masteringswiftui.co.Data;
				PRODUCT_NAME = "$(TARGET_NAME:c99extidentifier)";
				SDKROOT = macosx;
				SKIP_INSTALL = YES;
				SWIFT_EMIT_LOC_STRINGS = YES;
				SWIFT_OPTIMIZATION_LEVEL = "-Onone";
				SWIFT_VERSION = 5.0;
			};
			name = Debug;
		};
		C4AE19FE2BC8D2A90096F6F7 /* Release */ = {
			isa = XCBuildConfiguration;
			buildSettings = {
				CLANG_ENABLE_MODULES = YES;
				CODE_SIGN_STYLE = Automatic;
				COMBINE_HIDPI_IMAGES = YES;
				CURRENT_PROJECT_VERSION = 1;
				DEFINES_MODULE = YES;
				DYLIB_COMPATIBILITY_VERSION = 1;
				DYLIB_CURRENT_VERSION = 1;
				DYLIB_INSTALL_NAME_BASE = "@rpath";
				ENABLE_MODULE_VERIFIER = YES;
				GENERATE_INFOPLIST_FILE = YES;
				INFOPLIST_KEY_NSHumanReadableCopyright = "";
				INSTALL_PATH = "$(LOCAL_LIBRARY_DIR)/Frameworks";
				LD_RUNPATH_SEARCH_PATHS = (
					"$(inherited)",
					"@executable_path/../Frameworks",
					"@loader_path/Frameworks",
				);
				MACOSX_DEPLOYMENT_TARGET = 14.2;
				MARKETING_VERSION = 1.0;
				MODULE_VERIFIER_SUPPORTED_LANGUAGES = "objective-c objective-c++";
				MODULE_VERIFIER_SUPPORTED_LANGUAGE_STANDARDS = "gnu17 gnu++20";
				PRODUCT_BUNDLE_IDENTIFIER = masteringswiftui.co.Data;
				PRODUCT_NAME = "$(TARGET_NAME:c99extidentifier)";
				SDKROOT = macosx;
				SKIP_INSTALL = YES;
				SWIFT_EMIT_LOC_STRINGS = YES;
				SWIFT_VERSION = 5.0;
			};
			name = Release;
		};
		C4AE1A002BC8D2A90096F6F7 /* Debug */ = {
			isa = XCBuildConfiguration;
			buildSettings = {
				ALWAYS_EMBED_SWIFT_STANDARD_LIBRARIES = YES;
				CODE_SIGN_STYLE = Automatic;
				CURRENT_PROJECT_VERSION = 1;
				GENERATE_INFOPLIST_FILE = YES;
				MACOSX_DEPLOYMENT_TARGET = 14.2;
				MARKETING_VERSION = 1.0;
				PRODUCT_BUNDLE_IDENTIFIER = masteringswiftui.co.DataTests;
				PRODUCT_NAME = "$(TARGET_NAME)";
				SDKROOT = macosx;
				SWIFT_EMIT_LOC_STRINGS = NO;
				SWIFT_VERSION = 5.0;
			};
			name = Debug;
		};
		C4AE1A012BC8D2A90096F6F7 /* Release */ = {
			isa = XCBuildConfiguration;
			buildSettings = {
				ALWAYS_EMBED_SWIFT_STANDARD_LIBRARIES = YES;
				CODE_SIGN_STYLE = Automatic;
				CURRENT_PROJECT_VERSION = 1;
				GENERATE_INFOPLIST_FILE = YES;
				MACOSX_DEPLOYMENT_TARGET = 14.2;
				MARKETING_VERSION = 1.0;
				PRODUCT_BUNDLE_IDENTIFIER = masteringswiftui.co.DataTests;
				PRODUCT_NAME = "$(TARGET_NAME)";
				SDKROOT = macosx;
				SWIFT_EMIT_LOC_STRINGS = NO;
				SWIFT_VERSION = 5.0;
			};
			name = Release;
		};
		C4E5AD182BD6E59A00FF1D66 /* Debug */ = {
			isa = XCBuildConfiguration;
			buildSettings = {
				CODE_SIGN_STYLE = Automatic;
				CURRENT_PROJECT_VERSION = 1;
				GENERATE_INFOPLIST_FILE = YES;
				MACOSX_DEPLOYMENT_TARGET = 14.2;
				MARKETING_VERSION = 1.0;
				PRODUCT_BUNDLE_IDENTIFIER = masteringswiftui.co.UseCasesIntegrationTests;
				PRODUCT_NAME = "$(TARGET_NAME)";
				SDKROOT = macosx;
				SWIFT_EMIT_LOC_STRINGS = NO;
				SWIFT_VERSION = 5.0;
			};
			name = Debug;
		};
		C4E5AD192BD6E59A00FF1D66 /* Release */ = {
			isa = XCBuildConfiguration;
			buildSettings = {
				CODE_SIGN_STYLE = Automatic;
				CURRENT_PROJECT_VERSION = 1;
				GENERATE_INFOPLIST_FILE = YES;
				MACOSX_DEPLOYMENT_TARGET = 14.2;
				MARKETING_VERSION = 1.0;
				PRODUCT_BUNDLE_IDENTIFIER = masteringswiftui.co.UseCasesIntegrationTests;
				PRODUCT_NAME = "$(TARGET_NAME)";
				SDKROOT = macosx;
				SWIFT_EMIT_LOC_STRINGS = NO;
				SWIFT_VERSION = 5.0;
			};
			name = Release;
		};
/* End XCBuildConfiguration section */

/* Begin XCConfigurationList section */
		C4412D4C2BCF5F0900CD8549 /* Build configuration list for PBXNativeTarget "infra" */ = {
			isa = XCConfigurationList;
			buildConfigurations = (
				C4412D482BCF5F0900CD8549 /* Debug */,
				C4412D492BCF5F0900CD8549 /* Release */,
			);
			defaultConfigurationIsVisible = 0;
			defaultConfigurationName = Release;
		};
		C4412D4D2BCF5F0900CD8549 /* Build configuration list for PBXNativeTarget "infraTests" */ = {
			isa = XCConfigurationList;
			buildConfigurations = (
				C4412D4A2BCF5F0900CD8549 /* Debug */,
				C4412D4B2BCF5F0900CD8549 /* Release */,
			);
			defaultConfigurationIsVisible = 0;
			defaultConfigurationName = Release;
		};
		C4AE19C82BC8CEF20096F6F7 /* Build configuration list for PBXProject "CleanApp" */ = {
			isa = XCConfigurationList;
			buildConfigurations = (
				C4AE19D32BC8CEF20096F6F7 /* Debug */,
				C4AE19D42BC8CEF20096F6F7 /* Release */,
			);
			defaultConfigurationIsVisible = 0;
			defaultConfigurationName = Release;
		};
		C4AE19E12BC8CF190096F6F7 /* Build configuration list for PBXNativeTarget "Domain" */ = {
			isa = XCConfigurationList;
			buildConfigurations = (
				C4AE19E22BC8CF190096F6F7 /* Debug */,
				C4AE19E32BC8CF190096F6F7 /* Release */,
			);
			defaultConfigurationIsVisible = 0;
			defaultConfigurationName = Release;
		};
		C4AE19FC2BC8D2A90096F6F7 /* Build configuration list for PBXNativeTarget "Data" */ = {
			isa = XCConfigurationList;
			buildConfigurations = (
				C4AE19FD2BC8D2A90096F6F7 /* Debug */,
				C4AE19FE2BC8D2A90096F6F7 /* Release */,
			);
			defaultConfigurationIsVisible = 0;
			defaultConfigurationName = Release;
		};
		C4AE19FF2BC8D2A90096F6F7 /* Build configuration list for PBXNativeTarget "DataTests" */ = {
			isa = XCConfigurationList;
			buildConfigurations = (
				C4AE1A002BC8D2A90096F6F7 /* Debug */,
				C4AE1A012BC8D2A90096F6F7 /* Release */,
			);
			defaultConfigurationIsVisible = 0;
			defaultConfigurationName = Release;
		};
		C4E5AD172BD6E59A00FF1D66 /* Build configuration list for PBXNativeTarget "UseCasesIntegrationTests" */ = {
			isa = XCConfigurationList;
			buildConfigurations = (
				C4E5AD182BD6E59A00FF1D66 /* Debug */,
				C4E5AD192BD6E59A00FF1D66 /* Release */,
			);
			defaultConfigurationIsVisible = 0;
			defaultConfigurationName = Release;
		};
/* End XCConfigurationList section */

/* Begin XCRemoteSwiftPackageReference section */
		C4D935132BD03C9600142776 /* XCRemoteSwiftPackageReference "Alamofire" */ = {
			isa = XCRemoteSwiftPackageReference;
			repositoryURL = "https://github.com/Alamofire/Alamofire.git";
			requirement = {
				kind = upToNextMajorVersion;
				minimumVersion = 5.9.1;
			};
		};
/* End XCRemoteSwiftPackageReference section */

/* Begin XCSwiftPackageProductDependency section */
		C4D935142BD03E5000142776 /* Alamofire */ = {
			isa = XCSwiftPackageProductDependency;
			package = C4D935132BD03C9600142776 /* XCRemoteSwiftPackageReference "Alamofire" */;
			productName = Alamofire;
		};
/* End XCSwiftPackageProductDependency section */
	};
	rootObject = C4AE19C52BC8CEF20096F6F7 /* Project object */;
}
